
Microsoft Visual Studio Solution File, Format Version 12.00
# Visual Studio Version 16
VisualStudioVersion = 16.0.30804.86
MinimumVisualStudioVersion = 10.0.40219.1
Project("{9A19103F-16F7-4668-BE54-9A1E7A4F7556}") = "Solid", "Solid\Solid.csproj", "{0A4BB608-3467-4C67-8895-B68CA9AE4874}"
EndProject
Global
	GlobalSection(SolutionConfigurationPlatforms) = preSolution
		Debug|Any CPU = Debug|Any CPU
		Release|Any CPU = Release|Any CPU
	EndGlobalSection
	GlobalSection(ProjectConfigurationPlatforms) = postSolution
		{0A4BB608-3467-4C67-8895-B68CA9AE4874}.Debug|Any CPU.ActiveCfg = Debug|Any CPU
		{0A4BB608-3467-4C67-8895-B68CA9AE4874}.Debug|Any CPU.Build.0 = Debug|Any CPU
		{0A4BB608-3467-4C67-8895-B68CA9AE4874}.Release|Any CPU.ActiveCfg = Release|Any CPU
		{0A4BB608-3467-4C67-8895-B68CA9AE4874}.Release|Any CPU.Build.0 = Release|Any CPU
	EndGlobalSection
	GlobalSection(SolutionProperties) = preSolution
		HideSolutionNode = FALSE
	EndGlobalSection
	GlobalSection(ExtensibilityGlobals) = postSolution
		SolutionGuid = {94112A11-B05E-46D6-A872-5B385808CC54}
	EndGlobalSection
EndGlobal
